
Microsoft Visual Studio Solution File, Format Version 12.00
# Visual Studio 15
VisualStudioVersion = 15.0.28307.271
MinimumVisualStudioVersion = 10.0.40219.1
Project("{9A19103F-16F7-4668-BE54-9A1E7A4F7556}") = "Cake.BrowserStack", "Cake.BrowserStack\Cake.BrowserStack.csproj", "{87B30C93-6C11-4B3B-805C-FB2C5BFFCD18}"
EndProject
Project("{9A19103F-16F7-4668-BE54-9A1E7A4F7556}") = "Cake.BrowserStack.Tests", "Cake.BrowserStack.Tests\Cake.BrowserStack.Tests.csproj", "{C48D35ED-8473-421F-BB78-688C77936ADD}"
EndProject
Project("{2150E333-8FDC-42A3-9474-1A3956D46DE8}") = "Solution Items", "Solution Items", "{C95DA95F-0D01-4D6A-8FAA-70FBF613271C}"
	ProjectSection(SolutionItems) = preProject
		..\build.ps1 = ..\build.ps1
		..\build.sh = ..\build.sh
		..\setup.cake = ..\setup.cake
	EndProjectSection
EndProject
Global
	GlobalSection(SolutionConfigurationPlatforms) = preSolution
		Debug|Any CPU = Debug|Any CPU
		Release|Any CPU = Release|Any CPU
	EndGlobalSection
	GlobalSection(ProjectConfigurationPlatforms) = postSolution
		{87B30C93-6C11-4B3B-805C-FB2C5BFFCD18}.Debug|Any CPU.ActiveCfg = Debug|Any CPU
		{87B30C93-6C11-4B3B-805C-FB2C5BFFCD18}.Debug|Any CPU.Build.0 = Debug|Any CPU
		{87B30C93-6C11-4B3B-805C-FB2C5BFFCD18}.Release|Any CPU.ActiveCfg = Release|Any CPU
		{87B30C93-6C11-4B3B-805C-FB2C5BFFCD18}.Release|Any CPU.Build.0 = Release|Any CPU
		{C48D35ED-8473-421F-BB78-688C77936ADD}.Debug|Any CPU.ActiveCfg = Debug|Any CPU
		{C48D35ED-8473-421F-BB78-688C77936ADD}.Debug|Any CPU.Build.0 = Debug|Any CPU
		{C48D35ED-8473-421F-BB78-688C77936ADD}.Release|Any CPU.ActiveCfg = Release|Any CPU
		{C48D35ED-8473-421F-BB78-688C77936ADD}.Release|Any CPU.Build.0 = Release|Any CPU
	EndGlobalSection
	GlobalSection(SolutionProperties) = preSolution
		HideSolutionNode = FALSE
	EndGlobalSection
	GlobalSection(ExtensibilityGlobals) = postSolution
		SolutionGuid = {1E461962-6BD0-426F-876B-EC9029AE903B}
	EndGlobalSection
EndGlobal
